
Microsoft Visual Studio Solution File, Format Version 12.00
# Visual Studio 15
VisualStudioVersion = 15.0.26430.15
MinimumVisualStudioVersion = 10.0.40219.1
Project("{9A19103F-16F7-4668-BE54-9A1E7A4F7556}") = "bhp", "bhp\bhp.csproj", "{22176C2A-992E-48B8-9645-0D0AD24336A3}"
EndProject
Project("{9A19103F-16F7-4668-BE54-9A1E7A4F7556}") = "bhp.UnitTests", "bhp.UnitTests\bhp.UnitTests.csproj", "{ACE63992-67DA-4743-AB48-4C3EFDF8C63D}"
	ProjectSection(ProjectDependencies) = postProject
		{22176C2A-992E-48B8-9645-0D0AD24336A3} = {22176C2A-992E-48B8-9645-0D0AD24336A3}
	EndProjectSection
EndProject
Global
	GlobalSection(SolutionConfigurationPlatforms) = preSolution
		Debug|Any CPU = Debug|Any CPU
		Release|Any CPU = Release|Any CPU
	EndGlobalSection
	GlobalSection(ProjectConfigurationPlatforms) = postSolution
		{22176C2A-992E-48B8-9645-0D0AD24336A3}.Debug|Any CPU.ActiveCfg = Debug|Any CPU
		{22176C2A-992E-48B8-9645-0D0AD24336A3}.Debug|Any CPU.Build.0 = Debug|Any CPU
		{22176C2A-992E-48B8-9645-0D0AD24336A3}.Release|Any CPU.ActiveCfg = Release|Any CPU
		{22176C2A-992E-48B8-9645-0D0AD24336A3}.Release|Any CPU.Build.0 = Release|Any CPU
		{ACE63992-67DA-4743-AB48-4C3EFDF8C63D}.Debug|Any CPU.ActiveCfg = Debug|Any CPU
		{ACE63992-67DA-4743-AB48-4C3EFDF8C63D}.Debug|Any CPU.Build.0 = Debug|Any CPU
		{ACE63992-67DA-4743-AB48-4C3EFDF8C63D}.Release|Any CPU.ActiveCfg = Release|Any CPU
		{ACE63992-67DA-4743-AB48-4C3EFDF8C63D}.Release|Any CPU.Build.0 = Release|Any CPU
	EndGlobalSection
	GlobalSection(SolutionProperties) = preSolution
		HideSolutionNode = FALSE
	EndGlobalSection
	GlobalSection(ExtensibilityGlobals) = postSolution
		SolutionGuid = {CD261629-E506-4E85-8AE7-E220D318B68D}
	EndGlobalSection
EndGlobal
